# THIS IS AN AUTOGENERATED FILE. DO NOT EDIT THIS FILE DIRECTLY.
# yarn lockfile v1


"@types/node@^18.6.5":
  version "18.6.5"
  resolved "https://registry.npmjs.org/@types/node/-/node-18.6.5.tgz"
  integrity sha512-Xjt5ZGUa5WusGZJ4WJPbOT8QOqp6nDynVFRKcUt32bOgvXEoc6o085WNkYTMO7ifAj2isEfQQ2cseE+wT6jsRw==

abstract-syntax-tree@^2.20.6:
  version "2.20.6"
  resolved "https://registry.yarnpkg.com/abstract-syntax-tree/-/abstract-syntax-tree-2.20.6.tgz#399d69f8939e2c2bec3fbf6b95360c3e50ba8ac7"
  integrity sha512-3ziZ1Z8XqERIBoe6gv1G1YOqMeEA9JkmUElVzMj4BscwpYJ82SwePXPK6RU//bDZaOzX+eTvHLm1rX+yzCJdSg==
  dependencies:
    ast-types "0.14.2"
    astring "^1.8.1"
    esquery "^1.4.0"
    estraverse "^5.3.0"
    meriyah "^4.2.1"
    source-map "0.7.3"

ast-types@0.14.2, ast-types@^0.14.2:
  version "0.14.2"
  resolved "https://registry.npmjs.org/ast-types/-/ast-types-0.14.2.tgz"
  integrity sha512-O0yuUDnZeQDL+ncNGlJ78BiO4jnYI3bvMsD5prT0/nsgijG/LpNBIr63gTjVTNsiGkgQhiyCShTgxt8oXOrklA==
  dependencies:
    tslib "^2.0.1"

astring@^1.8.1:
  version "1.8.3"
  resolved "https://registry.yarnpkg.com/astring/-/astring-1.8.3.tgz#1a0ae738c7cc558f8e5ddc8e3120636f5cebcb85"
  integrity sha512-sRpyiNrx2dEYIMmUXprS8nlpRg2Drs8m9ElX9vVEXaCB4XEAJhKfs7IcX0IwShjuOAjLR6wzIrgoptz1n19i1A==

esquery@^1.4.0:
  version "1.4.0"
  resolved "https://registry.yarnpkg.com/esquery/-/esquery-1.4.0.tgz#2148ffc38b82e8c7057dfed48425b3e61f0f24a5"
  integrity sha512-cCDispWt5vHHtwMY2YrAQ4ibFkAL8RbH5YGBnZBc90MolvvfkkQcJro/aZiAQUlQ3qgrYS6D6v8Gc5G5CQsc9w==
  dependencies:
    estraverse "^5.1.0"

estraverse@^5.1.0, estraverse@^5.3.0:
  version "5.3.0"
  resolved "https://registry.yarnpkg.com/estraverse/-/estraverse-5.3.0.tgz#2eea5290702f26ab8fe5370370ff86c965d21123"
  integrity sha512-MMdARuVEQziNTeJD8DgMqmhwR11BRQ/cBP+pLtYdSTnf3MIO8fFeiINEbX36ZdNlfU/7A9f3gUw49B3oQsvwBA==

meriyah@^4.2.1:
  version "4.3.0"
  resolved "https://registry.yarnpkg.com/meriyah/-/meriyah-4.3.0.tgz#51eff6fb403e3f0be1303dffdd423a3d14bb1e81"
  integrity sha512-YBm59F1syHtwN4/ULfU1cgAICONB+Z+sNV/96albrQbMKhWDHUivH7Pp+SOtjI0Gtx4/pEqeSOBBYaC+k5Bsdg==

source-map@0.7.3:
  version "0.7.3"
  resolved "https://registry.yarnpkg.com/source-map/-/source-map-0.7.3.tgz#5302f8169031735226544092e64981f751750383"
  integrity sha512-CkCj6giN3S+n9qrYiBTX5gystlENnRW5jZeNLHpe6aue+SrHcG5VYwujhW9s4dY31mEGsxBDrHR6oI69fTXsaQ==

tslib@^2.0.1:
  version "2.4.0"
  resolved "https://registry.npmjs.org/tslib/-/tslib-2.4.0.tgz"
  integrity sha512-d6xOpEDfsi2CZVlPQzGeux8XMwLT9hssAsaPYExaQMuYskwb+x1x7J371tWlbBdWHroy99KnVB6qIkUbs5X3UQ==

typescript@^4.7.4:
  version "4.7.4"
  resolved "https://registry.npmjs.org/typescript/-/typescript-4.7.4.tgz"
  integrity sha512-C0WQT0gezHuw6AdY1M2jxUO83Rjf0HP7Sk1DtXj6j1EwkQNZrHAg2XPWlq62oqEhYvONq5pkC2Y9oPljWToLmQ==
